// !$*UTF8*$!
{
	archiveVersion = 1;
	classes = {
	};
	objectVersion = 51;
	objects = {

/* Begin PBXBuildFile section */
		7A0774473A3E5576DA3E0B5E /* Pods_proof_of_conceptUITests.framework in Frameworks */ = {isa = PBXBuildFile; fileRef = 68115F67E536F61A18C23825 /* Pods_proof_of_conceptUITests.framework */; };
		9C8177F1239F87110064040A /* AppDelegate.swift in Sources */ = {isa = PBXBuildFile; fileRef = 9C8177F0239F87110064040A /* AppDelegate.swift */; };
		9C8177F3239F87110064040A /* ViewController.swift in Sources */ = {isa = PBXBuildFile; fileRef = 9C8177F2239F87110064040A /* ViewController.swift */; };
		9C8177F6239F87110064040A /* Main.storyboard in Resources */ = {isa = PBXBuildFile; fileRef = 9C8177F4239F87110064040A /* Main.storyboard */; };
		9C8177F8239F87130064040A /* Assets.xcassets in Resources */ = {isa = PBXBuildFile; fileRef = 9C8177F7239F87130064040A /* Assets.xcassets */; };
		9C8177FB239F87130064040A /* LaunchScreen.storyboard in Resources */ = {isa = PBXBuildFile; fileRef = 9C8177F9239F87130064040A /* LaunchScreen.storyboard */; };
		9C817806239F87130064040A /* proof_of_conceptTests.swift in Sources */ = {isa = PBXBuildFile; fileRef = 9C817805239F87130064040A /* proof_of_conceptTests.swift */; };
		9C817811239F87130064040A /* proof_of_conceptUITests.swift in Sources */ = {isa = PBXBuildFile; fileRef = 9C817810239F87130064040A /* proof_of_conceptUITests.swift */; };
		9C817826239F885C0064040A /* DataService.swift in Sources */ = {isa = PBXBuildFile; fileRef = 9C817825239F885C0064040A /* DataService.swift */; };
		9C817828239FBD1F0064040A /* dataModel.swift in Sources */ = {isa = PBXBuildFile; fileRef = 9C817827239FBD1F0064040A /* dataModel.swift */; };
		9C81782A239FE8C90064040A /* viewModel.swift in Sources */ = {isa = PBXBuildFile; fileRef = 9C817829239FE8C90064040A /* viewModel.swift */; };
		9C81782D239FEEB00064040A /* extension.swift in Sources */ = {isa = PBXBuildFile; fileRef = 9C81782C239FEEB00064040A /* extension.swift */; };
		9C81783823A018540064040A /* placeholder.png in Resources */ = {isa = PBXBuildFile; fileRef = 9C81783723A018540064040A /* placeholder.png */; };
		D258F582CDAC5215ED05C586 /* Pods_proof_of_concept.framework in Frameworks */ = {isa = PBXBuildFile; fileRef = FD213CE5A0358519CBFD1C88 /* Pods_proof_of_concept.framework */; };
		FE1BFE7861BAC8693F191FC1 /* Pods_proof_of_conceptTests.framework in Frameworks */ = {isa = PBXBuildFile; fileRef = DB554C3E1328B9D937A5B86B /* Pods_proof_of_conceptTests.framework */; };
/* End PBXBuildFile section */

/* Begin PBXContainerItemProxy section */
		9C817802239F87130064040A /* PBXContainerItemProxy */ = {
			isa = PBXContainerItemProxy;
			containerPortal = 9C8177E5239F87110064040A /* Project object */;
			proxyType = 1;
			remoteGlobalIDString = 9C8177EC239F87110064040A;
			remoteInfo = "proof of concept";
		};
		9C81780D239F87130064040A /* PBXContainerItemProxy */ = {
			isa = PBXContainerItemProxy;
			containerPortal = 9C8177E5239F87110064040A /* Project object */;
			proxyType = 1;
			remoteGlobalIDString = 9C8177EC239F87110064040A;
			remoteInfo = "proof of concept";
		};
/* End PBXContainerItemProxy section */

/* Begin PBXFileReference section */
		24B8A277F8E41F5E2965B96A /* Pods-proof of conceptTests.debug.xcconfig */ = {isa = PBXFileReference; includeInIndex = 1; lastKnownFileType = text.xcconfig; name = "Pods-proof of conceptTests.debug.xcconfig"; path = "Target Support Files/Pods-proof of conceptTests/Pods-proof of conceptTests.debug.xcconfig"; sourceTree = "<group>"; };
		39063BD2DA61FD4FAC1ED3F5 /* Pods-proof of conceptUITests.release.xcconfig */ = {isa = PBXFileReference; includeInIndex = 1; lastKnownFileType = text.xcconfig; name = "Pods-proof of conceptUITests.release.xcconfig"; path = "Target Support Files/Pods-proof of conceptUITests/Pods-proof of conceptUITests.release.xcconfig"; sourceTree = "<group>"; };
		4E93D919A9C227F66353D49B /* Pods-proof of concept.release.xcconfig */ = {isa = PBXFileReference; includeInIndex = 1; lastKnownFileType = text.xcconfig; name = "Pods-proof of concept.release.xcconfig"; path = "Target Support Files/Pods-proof of concept/Pods-proof of concept.release.xcconfig"; sourceTree = "<group>"; };
		68115F67E536F61A18C23825 /* Pods_proof_of_conceptUITests.framework */ = {isa = PBXFileReference; explicitFileType = wrapper.framework; includeInIndex = 0; path = Pods_proof_of_conceptUITests.framework; sourceTree = BUILT_PRODUCTS_DIR; };
		89AD8587565F47C315D696F5 /* Pods-proof of conceptTests.release.xcconfig */ = {isa = PBXFileReference; includeInIndex = 1; lastKnownFileType = text.xcconfig; name = "Pods-proof of conceptTests.release.xcconfig"; path = "Target Support Files/Pods-proof of conceptTests/Pods-proof of conceptTests.release.xcconfig"; sourceTree = "<group>"; };
		9C8177ED239F87110064040A /* proof of concept.app */ = {isa = PBXFileReference; explicitFileType = wrapper.application; includeInIndex = 0; path = "proof of concept.app"; sourceTree = BUILT_PRODUCTS_DIR; };
		9C8177F0239F87110064040A /* AppDelegate.swift */ = {isa = PBXFileReference; lastKnownFileType = sourcecode.swift; path = AppDelegate.swift; sourceTree = "<group>"; };
		9C8177F2239F87110064040A /* ViewController.swift */ = {isa = PBXFileReference; lastKnownFileType = sourcecode.swift; path = ViewController.swift; sourceTree = "<group>"; };
		9C8177F5239F87110064040A /* Base */ = {isa = PBXFileReference; lastKnownFileType = file.storyboard; name = Base; path = Base.lproj/Main.storyboard; sourceTree = "<group>"; };
		9C8177F7239F87130064040A /* Assets.xcassets */ = {isa = PBXFileReference; lastKnownFileType = folder.assetcatalog; path = Assets.xcassets; sourceTree = "<group>"; };
		9C8177FA239F87130064040A /* Base */ = {isa = PBXFileReference; lastKnownFileType = file.storyboard; name = Base; path = Base.lproj/LaunchScreen.storyboard; sourceTree = "<group>"; };
		9C8177FC239F87130064040A /* Info.plist */ = {isa = PBXFileReference; lastKnownFileType = text.plist.xml; path = Info.plist; sourceTree = "<group>"; };
		9C817801239F87130064040A /* proof of conceptTests.xctest */ = {isa = PBXFileReference; explicitFileType = wrapper.cfbundle; includeInIndex = 0; path = "proof of conceptTests.xctest"; sourceTree = BUILT_PRODUCTS_DIR; };
		9C817805239F87130064040A /* proof_of_conceptTests.swift */ = {isa = PBXFileReference; lastKnownFileType = sourcecode.swift; path = proof_of_conceptTests.swift; sourceTree = "<group>"; };
		9C817807239F87130064040A /* Info.plist */ = {isa = PBXFileReference; lastKnownFileType = text.plist.xml; path = Info.plist; sourceTree = "<group>"; };
		9C81780C239F87130064040A /* proof of conceptUITests.xctest */ = {isa = PBXFileReference; explicitFileType = wrapper.cfbundle; includeInIndex = 0; path = "proof of conceptUITests.xctest"; sourceTree = BUILT_PRODUCTS_DIR; };
		9C817810239F87130064040A /* proof_of_conceptUITests.swift */ = {isa = PBXFileReference; lastKnownFileType = sourcecode.swift; path = proof_of_conceptUITests.swift; sourceTree = "<group>"; };
		9C817812239F87130064040A /* Info.plist */ = {isa = PBXFileReference; lastKnownFileType = text.plist.xml; path = Info.plist; sourceTree = "<group>"; };
		9C817825239F885C0064040A /* DataService.swift */ = {isa = PBXFileReference; lastKnownFileType = sourcecode.swift; path = DataService.swift; sourceTree = "<group>"; };
		9C817827239FBD1F0064040A /* dataModel.swift */ = {isa = PBXFileReference; lastKnownFileType = sourcecode.swift; path = dataModel.swift; sourceTree = "<group>"; };
		9C817829239FE8C90064040A /* viewModel.swift */ = {isa = PBXFileReference; lastKnownFileType = sourcecode.swift; path = viewModel.swift; sourceTree = "<group>"; };
		9C81782C239FEEB00064040A /* extension.swift */ = {isa = PBXFileReference; lastKnownFileType = sourcecode.swift; path = extension.swift; sourceTree = "<group>"; };
		9C81783723A018540064040A /* placeholder.png */ = {isa = PBXFileReference; lastKnownFileType = image.png; path = placeholder.png; sourceTree = "<group>"; };
		D724FFED68281A47E6BAFF73 /* Pods-proof of conceptUITests.debug.xcconfig */ = {isa = PBXFileReference; includeInIndex = 1; lastKnownFileType = text.xcconfig; name = "Pods-proof of conceptUITests.debug.xcconfig"; path = "Target Support Files/Pods-proof of conceptUITests/Pods-proof of conceptUITests.debug.xcconfig"; sourceTree = "<group>"; };
		DB554C3E1328B9D937A5B86B /* Pods_proof_of_conceptTests.framework */ = {isa = PBXFileReference; explicitFileType = wrapper.framework; includeInIndex = 0; path = Pods_proof_of_conceptTests.framework; sourceTree = BUILT_PRODUCTS_DIR; };
		F41785ADBE77564862F23B3C /* Pods-proof of concept.debug.xcconfig */ = {isa = PBXFileReference; includeInIndex = 1; lastKnownFileType = text.xcconfig; name = "Pods-proof of concept.debug.xcconfig"; path = "Target Support Files/Pods-proof of concept/Pods-proof of concept.debug.xcconfig"; sourceTree = "<group>"; };
		FD213CE5A0358519CBFD1C88 /* Pods_proof_of_concept.framework */ = {isa = PBXFileReference; explicitFileType = wrapper.framework; includeInIndex = 0; path = Pods_proof_of_concept.framework; sourceTree = BUILT_PRODUCTS_DIR; };
/* End PBXFileReference section */

/* Begin PBXFrameworksBuildPhase section */
		9C8177EA239F87110064040A /* Frameworks */ = {
			isa = PBXFrameworksBuildPhase;
			buildActionMask = 2147483647;
			files = (
				D258F582CDAC5215ED05C586 /* Pods_proof_of_concept.framework in Frameworks */,
			);
			runOnlyForDeploymentPostprocessing = 0;
		};
		9C8177FE239F87130064040A /* Frameworks */ = {
			isa = PBXFrameworksBuildPhase;
			buildActionMask = 2147483647;
			files = (
				FE1BFE7861BAC8693F191FC1 /* Pods_proof_of_conceptTests.framework in Frameworks */,
			);
			runOnlyForDeploymentPostprocessing = 0;
		};
		9C817809239F87130064040A /* Frameworks */ = {
			isa = PBXFrameworksBuildPhase;
			buildActionMask = 2147483647;
			files = (
				7A0774473A3E5576DA3E0B5E /* Pods_proof_of_conceptUITests.framework in Frameworks */,
			);
			runOnlyForDeploymentPostprocessing = 0;
		};
/* End PBXFrameworksBuildPhase section */

/* Begin PBXGroup section */
		8E3249955D7287A0A5B7041E /* Frameworks */ = {
			isa = PBXGroup;
			children = (
				FD213CE5A0358519CBFD1C88 /* Pods_proof_of_concept.framework */,
				DB554C3E1328B9D937A5B86B /* Pods_proof_of_conceptTests.framework */,
				68115F67E536F61A18C23825 /* Pods_proof_of_conceptUITests.framework */,
			);
			name = Frameworks;
			sourceTree = "<group>";
		};
		9C8177E4239F87110064040A = {
			isa = PBXGroup;
			children = (
				9C8177EF239F87110064040A /* proof of concept */,
				9C817804239F87130064040A /* proof of conceptTests */,
				9C81780F239F87130064040A /* proof of conceptUITests */,
				9C8177EE239F87110064040A /* Products */,
				D5B82D8EAD2C11A0694C5555 /* Pods */,
				8E3249955D7287A0A5B7041E /* Frameworks */,
			);
			sourceTree = "<group>";
		};
		9C8177EE239F87110064040A /* Products */ = {
			isa = PBXGroup;
			children = (
				9C8177ED239F87110064040A /* proof of concept.app */,
				9C817801239F87130064040A /* proof of conceptTests.xctest */,
				9C81780C239F87130064040A /* proof of conceptUITests.xctest */,
			);
			name = Products;
			sourceTree = "<group>";
		};
		9C8177EF239F87110064040A /* proof of concept */ = {
			isa = PBXGroup;
			children = (
				9C81783623A0183C0064040A /* Resorces */,
				9C81781E239F87430064040A /* AppDelegate */,
				9C81781F239F875D0064040A /* Webservice */,
				9C817820239F877A0064040A /* Model */,
				9C817821239F87890064040A /* View */,
				9C817824239F87DE0064040A /* View Model */,
				9C81782B239FEE970064040A /* Extension */,
				9C8177FC239F87130064040A /* Info.plist */,
			);
			path = "proof of concept";
			sourceTree = "<group>";
		};
		9C817804239F87130064040A /* proof of conceptTests */ = {
			isa = PBXGroup;
			children = (
				9C817805239F87130064040A /* proof_of_conceptTests.swift */,
				9C817807239F87130064040A /* Info.plist */,
			);
			path = "proof of conceptTests";
			sourceTree = "<group>";
		};
		9C81780F239F87130064040A /* proof of conceptUITests */ = {
			isa = PBXGroup;
			children = (
				9C817810239F87130064040A /* proof_of_conceptUITests.swift */,
				9C817812239F87130064040A /* Info.plist */,
			);
			path = "proof of conceptUITests";
			sourceTree = "<group>";
		};
		9C81781E239F87430064040A /* AppDelegate */ = {
			isa = PBXGroup;
			children = (
				9C8177F0239F87110064040A /* AppDelegate.swift */,
			);
			path = AppDelegate;
			sourceTree = "<group>";
		};
		9C81781F239F875D0064040A /* Webservice */ = {
			isa = PBXGroup;
			children = (
				9C817825239F885C0064040A /* DataService.swift */,
			);
			path = Webservice;
			sourceTree = "<group>";
		};
		9C817820239F877A0064040A /* Model */ = {
			isa = PBXGroup;
			children = (
				9C817827239FBD1F0064040A /* dataModel.swift */,
			);
			path = Model;
			sourceTree = "<group>";
		};
		9C817821239F87890064040A /* View */ = {
			isa = PBXGroup;
			children = (
				9C817823239F87C10064040A /* StoryBoard */,
				9C817822239F87B10064040A /* Controller */,
				9C8177F7239F87130064040A /* Assets.xcassets */,
				9C8177F9239F87130064040A /* LaunchScreen.storyboard */,
			);
			path = View;
			sourceTree = "<group>";
		};
		9C817822239F87B10064040A /* Controller */ = {
			isa = PBXGroup;
			children = (
				9C8177F2239F87110064040A /* ViewController.swift */,
			);
			path = Controller;
			sourceTree = "<group>";
		};
		9C817823239F87C10064040A /* StoryBoard */ = {
			isa = PBXGroup;
			children = (
				9C8177F4239F87110064040A /* Main.storyboard */,
			);
			path = StoryBoard;
			sourceTree = "<group>";
		};
		9C817824239F87DE0064040A /* View Model */ = {
			isa = PBXGroup;
			children = (
				9C817829239FE8C90064040A /* viewModel.swift */,
			);
			path = "View Model";
			sourceTree = "<group>";
		};
		9C81782B239FEE970064040A /* Extension */ = {
			isa = PBXGroup;
			children = (
				9C81782C239FEEB00064040A /* extension.swift */,
			);
			path = Extension;
			sourceTree = "<group>";
		};
		9C81783623A0183C0064040A /* Resorces */ = {
			isa = PBXGroup;
			children = (
				9C81783723A018540064040A /* placeholder.png */,
			);
			path = Resorces;
			sourceTree = "<group>";
		};
		D5B82D8EAD2C11A0694C5555 /* Pods */ = {
			isa = PBXGroup;
			children = (
				F41785ADBE77564862F23B3C /* Pods-proof of concept.debug.xcconfig */,
				4E93D919A9C227F66353D49B /* Pods-proof of concept.release.xcconfig */,
				24B8A277F8E41F5E2965B96A /* Pods-proof of conceptTests.debug.xcconfig */,
				89AD8587565F47C315D696F5 /* Pods-proof of conceptTests.release.xcconfig */,
				D724FFED68281A47E6BAFF73 /* Pods-proof of conceptUITests.debug.xcconfig */,
				39063BD2DA61FD4FAC1ED3F5 /* Pods-proof of conceptUITests.release.xcconfig */,
			);
			path = Pods;
			sourceTree = "<group>";
		};
/* End PBXGroup section */

/* Begin PBXNativeTarget section */
		9C8177EC239F87110064040A /* proof of concept */ = {
			isa = PBXNativeTarget;
			buildConfigurationList = 9C817815239F87130064040A /* Build configuration list for PBXNativeTarget "proof of concept" */;
			buildPhases = (
				C60743A24839CDA204C2FCAE /* [CP] Check Pods Manifest.lock */,
				BBD7D4DA23B1DB7700F40364 /* Swiftlint */,
				9C8177E9239F87110064040A /* Sources */,
				9C8177EA239F87110064040A /* Frameworks */,
				9C8177EB239F87110064040A /* Resources */,
				7ED75FFB2C2CE0543A73B04B /* [CP] Embed Pods Frameworks */,
			);
			buildRules = (
			);
			dependencies = (
			);
			name = "proof of concept";
			productName = "proof of concept";
			productReference = 9C8177ED239F87110064040A /* proof of concept.app */;
			productType = "com.apple.product-type.application";
		};
		9C817800239F87130064040A /* proof of conceptTests */ = {
			isa = PBXNativeTarget;
			buildConfigurationList = 9C817818239F87130064040A /* Build configuration list for PBXNativeTarget "proof of conceptTests" */;
			buildPhases = (
				382627E434097A054301086D /* [CP] Check Pods Manifest.lock */,
				9C8177FD239F87130064040A /* Sources */,
				9C8177FE239F87130064040A /* Frameworks */,
				9C8177FF239F87130064040A /* Resources */,
			);
			buildRules = (
			);
			dependencies = (
				9C817803239F87130064040A /* PBXTargetDependency */,
			);
			name = "proof of conceptTests";
			productName = "proof of conceptTests";
			productReference = 9C817801239F87130064040A /* proof of conceptTests.xctest */;
			productType = "com.apple.product-type.bundle.unit-test";
		};
		9C81780B239F87130064040A /* proof of conceptUITests */ = {
			isa = PBXNativeTarget;
			buildConfigurationList = 9C81781B239F87130064040A /* Build configuration list for PBXNativeTarget "proof of conceptUITests" */;
			buildPhases = (
				E72AA8DDF6BA5B761F791AA4 /* [CP] Check Pods Manifest.lock */,
				9C817808239F87130064040A /* Sources */,
				9C817809239F87130064040A /* Frameworks */,
				9C81780A239F87130064040A /* Resources */,
			);
			buildRules = (
			);
			dependencies = (
				9C81780E239F87130064040A /* PBXTargetDependency */,
			);
			name = "proof of conceptUITests";
			productName = "proof of conceptUITests";
			productReference = 9C81780C239F87130064040A /* proof of conceptUITests.xctest */;
			productType = "com.apple.product-type.bundle.ui-testing";
		};
/* End PBXNativeTarget section */

/* Begin PBXProject section */
		9C8177E5239F87110064040A /* Project object */ = {
			isa = PBXProject;
			attributes = {
				LastSwiftUpdateCheck = 1020;
				LastUpgradeCheck = 1020;
				ORGANIZATIONNAME = "Akshay Dibe";
				TargetAttributes = {
					9C8177EC239F87110064040A = {
						CreatedOnToolsVersion = 10.2.1;
					};
					9C817800239F87130064040A = {
						CreatedOnToolsVersion = 10.2.1;
						TestTargetID = 9C8177EC239F87110064040A;
					};
					9C81780B239F87130064040A = {
						CreatedOnToolsVersion = 10.2.1;
						TestTargetID = 9C8177EC239F87110064040A;
					};
				};
			};
			buildConfigurationList = 9C8177E8239F87110064040A /* Build configuration list for PBXProject "proof of concept" */;
			compatibilityVersion = "Xcode 9.3";
			developmentRegion = en;
			hasScannedForEncodings = 0;
			knownRegions = (
				en,
				Base,
			);
			mainGroup = 9C8177E4239F87110064040A;
			productRefGroup = 9C8177EE239F87110064040A /* Products */;
			projectDirPath = "";
			projectRoot = "";
			targets = (
				9C8177EC239F87110064040A /* proof of concept */,
				9C817800239F87130064040A /* proof of conceptTests */,
				9C81780B239F87130064040A /* proof of conceptUITests */,
			);
		};
/* End PBXProject section */

/* Begin PBXResourcesBuildPhase section */
		9C8177EB239F87110064040A /* Resources */ = {
			isa = PBXResourcesBuildPhase;
			buildActionMask = 2147483647;
			files = (
				9C8177FB239F87130064040A /* LaunchScreen.storyboard in Resources */,
				9C8177F8239F87130064040A /* Assets.xcassets in Resources */,
				9C81783823A018540064040A /* placeholder.png in Resources */,
				9C8177F6239F87110064040A /* Main.storyboard in Resources */,
			);
			runOnlyForDeploymentPostprocessing = 0;
		};
		9C8177FF239F87130064040A /* Resources */ = {
			isa = PBXResourcesBuildPhase;
			buildActionMask = 2147483647;
			files = (
			);
			runOnlyForDeploymentPostprocessing = 0;
		};
		9C81780A239F87130064040A /* Resources */ = {
			isa = PBXResourcesBuildPhase;
			buildActionMask = 2147483647;
			files = (
			);
			runOnlyForDeploymentPostprocessing = 0;
		};
/* End PBXResourcesBuildPhase section */

/* Begin PBXShellScriptBuildPhase section */
		382627E434097A054301086D /* [CP] Check Pods Manifest.lock */ = {
			isa = PBXShellScriptBuildPhase;
			buildActionMask = 2147483647;
			files = (
			);
			inputFileListPaths = (
			);
			inputPaths = (
				"${PODS_PODFILE_DIR_PATH}/Podfile.lock",
				"${PODS_ROOT}/Manifest.lock",
			);
			name = "[CP] Check Pods Manifest.lock";
			outputFileListPaths = (
			);
			outputPaths = (
				"$(DERIVED_FILE_DIR)/Pods-proof of conceptTests-checkManifestLockResult.txt",
			);
			runOnlyForDeploymentPostprocessing = 0;
			shellPath = /bin/sh;
			shellScript = "diff \"${PODS_PODFILE_DIR_PATH}/Podfile.lock\" \"${PODS_ROOT}/Manifest.lock\" > /dev/null\nif [ $? != 0 ] ; then\n    # print error to STDERR\n    echo \"error: The sandbox is not in sync with the Podfile.lock. Run 'pod install' or update your CocoaPods installation.\" >&2\n    exit 1\nfi\n# This output is used by Xcode 'outputs' to avoid re-running this script phase.\necho \"SUCCESS\" > \"${SCRIPT_OUTPUT_FILE_0}\"\n";
			showEnvVarsInLog = 0;
		};
		7ED75FFB2C2CE0543A73B04B /* [CP] Embed Pods Frameworks */ = {
			isa = PBXShellScriptBuildPhase;
			buildActionMask = 2147483647;
			files = (
			);
			inputFileListPaths = (
				"${PODS_ROOT}/Target Support Files/Pods-proof of concept/Pods-proof of concept-frameworks-${CONFIGURATION}-input-files.xcfilelist",
			);
			name = "[CP] Embed Pods Frameworks";
			outputFileListPaths = (
				"${PODS_ROOT}/Target Support Files/Pods-proof of concept/Pods-proof of concept-frameworks-${CONFIGURATION}-output-files.xcfilelist",
			);
			runOnlyForDeploymentPostprocessing = 0;
			shellPath = /bin/sh;
			shellScript = "\"${PODS_ROOT}/Target Support Files/Pods-proof of concept/Pods-proof of concept-frameworks.sh\"\n";
			showEnvVarsInLog = 0;
		};
		BBD7D4DA23B1DB7700F40364 /* Swiftlint */ = {
			isa = PBXShellScriptBuildPhase;
			buildActionMask = 2147483647;
			files = (
			);
			inputFileListPaths = (
			);
			inputPaths = (
			);
			name = Swiftlint;
			outputFileListPaths = (
			);
			outputPaths = (
			);
			runOnlyForDeploymentPostprocessing = 0;
			shellPath = /bin/sh;
			shellScript = "\"${PODS_ROOT}/SwiftLint/swiftlint\"\n";
		};
		C60743A24839CDA204C2FCAE /* [CP] Check Pods Manifest.lock */ = {
			isa = PBXShellScriptBuildPhase;
			buildActionMask = 2147483647;
			files = (
			);
			inputFileListPaths = (
			);
			inputPaths = (
				"${PODS_PODFILE_DIR_PATH}/Podfile.lock",
				"${PODS_ROOT}/Manifest.lock",
			);
			name = "[CP] Check Pods Manifest.lock";
			outputFileListPaths = (
			);
			outputPaths = (
				"$(DERIVED_FILE_DIR)/Pods-proof of concept-checkManifestLockResult.txt",
			);
			runOnlyForDeploymentPostprocessing = 0;
			shellPath = /bin/sh;
			shellScript = "diff \"${PODS_PODFILE_DIR_PATH}/Podfile.lock\" \"${PODS_ROOT}/Manifest.lock\" > /dev/null\nif [ $? != 0 ] ; then\n    # print error to STDERR\n    echo \"error: The sandbox is not in sync with the Podfile.lock. Run 'pod install' or update your CocoaPods installation.\" >&2\n    exit 1\nfi\n# This output is used by Xcode 'outputs' to avoid re-running this script phase.\necho \"SUCCESS\" > \"${SCRIPT_OUTPUT_FILE_0}\"\n";
			showEnvVarsInLog = 0;
		};
		E72AA8DDF6BA5B761F791AA4 /* [CP] Check Pods Manifest.lock */ = {
			isa = PBXShellScriptBuildPhase;
			buildActionMask = 2147483647;
			files = (
			);
			inputFileListPaths = (
			);
			inputPaths = (
				"${PODS_PODFILE_DIR_PATH}/Podfile.lock",
				"${PODS_ROOT}/Manifest.lock",
			);
			name = "[CP] Check Pods Manifest.lock";
			outputFileListPaths = (
			);
			outputPaths = (
				"$(DERIVED_FILE_DIR)/Pods-proof of conceptUITests-checkManifestLockResult.txt",
			);
			runOnlyForDeploymentPostprocessing = 0;
			shellPath = /bin/sh;
			shellScript = "diff \"${PODS_PODFILE_DIR_PATH}/Podfile.lock\" \"${PODS_ROOT}/Manifest.lock\" > /dev/null\nif [ $? != 0 ] ; then\n    # print error to STDERR\n    echo \"error: The sandbox is not in sync with the Podfile.lock. Run 'pod install' or update your CocoaPods installation.\" >&2\n    exit 1\nfi\n# This output is used by Xcode 'outputs' to avoid re-running this script phase.\necho \"SUCCESS\" > \"${SCRIPT_OUTPUT_FILE_0}\"\n";
			showEnvVarsInLog = 0;
		};
/* End PBXShellScriptBuildPhase section */

/* Begin PBXSourcesBuildPhase section */
		9C8177E9239F87110064040A /* Sources */ = {
			isa = PBXSourcesBuildPhase;
			buildActionMask = 2147483647;
			files = (
				9C817826239F885C0064040A /* DataService.swift in Sources */,
				9C817828239FBD1F0064040A /* dataModel.swift in Sources */,
				9C8177F3239F87110064040A /* ViewController.swift in Sources */,
				9C81782D239FEEB00064040A /* extension.swift in Sources */,
				9C81782A239FE8C90064040A /* viewModel.swift in Sources */,
				9C8177F1239F87110064040A /* AppDelegate.swift in Sources */,
			);
			runOnlyForDeploymentPostprocessing = 0;
		};
		9C8177FD239F87130064040A /* Sources */ = {
			isa = PBXSourcesBuildPhase;
			buildActionMask = 2147483647;
			files = (
				9C817806239F87130064040A /* proof_of_conceptTests.swift in Sources */,
			);
			runOnlyForDeploymentPostprocessing = 0;
		};
		9C817808239F87130064040A /* Sources */ = {
			isa = PBXSourcesBuildPhase;
			buildActionMask = 2147483647;
			files = (
				9C817811239F87130064040A /* proof_of_conceptUITests.swift in Sources */,
			);
			runOnlyForDeploymentPostprocessing = 0;
		};
/* End PBXSourcesBuildPhase section */

/* Begin PBXTargetDependency section */
		9C817803239F87130064040A /* PBXTargetDependency */ = {
			isa = PBXTargetDependency;
			target = 9C8177EC239F87110064040A /* proof of concept */;
			targetProxy = 9C817802239F87130064040A /* PBXContainerItemProxy */;
		};
		9C81780E239F87130064040A /* PBXTargetDependency */ = {
			isa = PBXTargetDependency;
			target = 9C8177EC239F87110064040A /* proof of concept */;
			targetProxy = 9C81780D239F87130064040A /* PBXContainerItemProxy */;
		};
/* End PBXTargetDependency section */

/* Begin PBXVariantGroup section */
		9C8177F4239F87110064040A /* Main.storyboard */ = {
			isa = PBXVariantGroup;
			children = (
				9C8177F5239F87110064040A /* Base */,
			);
			name = Main.storyboard;
			sourceTree = "<group>";
		};
		9C8177F9239F87130064040A /* LaunchScreen.storyboard */ = {
			isa = PBXVariantGroup;
			children = (
				9C8177FA239F87130064040A /* Base */,
			);
			name = LaunchScreen.storyboard;
			sourceTree = "<group>";
		};
/* End PBXVariantGroup section */

/* Begin XCBuildConfiguration section */
		9C817813239F87130064040A /* Debug */ = {
			isa = XCBuildConfiguration;
			buildSettings = {
				ALWAYS_SEARCH_USER_PATHS = NO;
				CLANG_ANALYZER_NONNULL = YES;
				CLANG_ANALYZER_NUMBER_OBJECT_CONVERSION = YES_AGGRESSIVE;
				CLANG_CXX_LANGUAGE_STANDARD = "gnu++14";
				CLANG_CXX_LIBRARY = "libc++";
				CLANG_ENABLE_MODULES = YES;
				CLANG_ENABLE_OBJC_ARC = YES;
				CLANG_ENABLE_OBJC_WEAK = YES;
				CLANG_WARN_BLOCK_CAPTURE_AUTORELEASING = YES;
				CLANG_WARN_BOOL_CONVERSION = YES;
				CLANG_WARN_COMMA = YES;
				CLANG_WARN_CONSTANT_CONVERSION = YES;
				CLANG_WARN_DEPRECATED_OBJC_IMPLEMENTATIONS = YES;
				CLANG_WARN_DIRECT_OBJC_ISA_USAGE = YES_ERROR;
				CLANG_WARN_DOCUMENTATION_COMMENTS = YES;
				CLANG_WARN_EMPTY_BODY = YES;
				CLANG_WARN_ENUM_CONVERSION = YES;
				CLANG_WARN_INFINITE_RECURSION = YES;
				CLANG_WARN_INT_CONVERSION = YES;
				CLANG_WARN_NON_LITERAL_NULL_CONVERSION = YES;
				CLANG_WARN_OBJC_IMPLICIT_RETAIN_SELF = YES;
				CLANG_WARN_OBJC_LITERAL_CONVERSION = YES;
				CLANG_WARN_OBJC_ROOT_CLASS = YES_ERROR;
				CLANG_WARN_RANGE_LOOP_ANALYSIS = YES;
				CLANG_WARN_STRICT_PROTOTYPES = YES;
				CLANG_WARN_SUSPICIOUS_MOVE = YES;
				CLANG_WARN_UNGUARDED_AVAILABILITY = YES_AGGRESSIVE;
				CLANG_WARN_UNREACHABLE_CODE = YES;
				CLANG_WARN__DUPLICATE_METHOD_MATCH = YES;
				CODE_SIGN_IDENTITY = "iPhone Developer";
				COPY_PHASE_STRIP = NO;
				DEBUG_INFORMATION_FORMAT = dwarf;
				ENABLE_STRICT_OBJC_MSGSEND = YES;
				ENABLE_TESTABILITY = YES;
				GCC_C_LANGUAGE_STANDARD = gnu11;
				GCC_DYNAMIC_NO_PIC = NO;
				GCC_NO_COMMON_BLOCKS = YES;
				GCC_OPTIMIZATION_LEVEL = 0;
				GCC_PREPROCESSOR_DEFINITIONS = (
					"DEBUG=1",
					"$(inherited)",
				);
				GCC_WARN_64_TO_32_BIT_CONVERSION = YES;
				GCC_WARN_ABOUT_RETURN_TYPE = YES_ERROR;
				GCC_WARN_UNDECLARED_SELECTOR = YES;
				GCC_WARN_UNINITIALIZED_AUTOS = YES_AGGRESSIVE;
				GCC_WARN_UNUSED_FUNCTION = YES;
				GCC_WARN_UNUSED_VARIABLE = YES;
				IPHONEOS_DEPLOYMENT_TARGET = 12.2;
				MTL_ENABLE_DEBUG_INFO = INCLUDE_SOURCE;
				MTL_FAST_MATH = YES;
				ONLY_ACTIVE_ARCH = YES;
				SDKROOT = iphoneos;
				SWIFT_ACTIVE_COMPILATION_CONDITIONS = DEBUG;
				SWIFT_OPTIMIZATION_LEVEL = "-Onone";
			};
			name = Debug;
		};
		9C817814239F87130064040A /* Release */ = {
			isa = XCBuildConfiguration;
			buildSettings = {
				ALWAYS_SEARCH_USER_PATHS = NO;
				CLANG_ANALYZER_NONNULL = YES;
				CLANG_ANALYZER_NUMBER_OBJECT_CONVERSION = YES_AGGRESSIVE;
				CLANG_CXX_LANGUAGE_STANDARD = "gnu++14";
				CLANG_CXX_LIBRARY = "libc++";
				CLANG_ENABLE_MODULES = YES;
				CLANG_ENABLE_OBJC_ARC = YES;
				CLANG_ENABLE_OBJC_WEAK = YES;
				CLANG_WARN_BLOCK_CAPTURE_AUTORELEASING = YES;
				CLANG_WARN_BOOL_CONVERSION = YES;
				CLANG_WARN_COMMA = YES;
				CLANG_WARN_CONSTANT_CONVERSION = YES;
				CLANG_WARN_DEPRECATED_OBJC_IMPLEMENTATIONS = YES;
				CLANG_WARN_DIRECT_OBJC_ISA_USAGE = YES_ERROR;
				CLANG_WARN_DOCUMENTATION_COMMENTS = YES;
				CLANG_WARN_EMPTY_BODY = YES;
				CLANG_WARN_ENUM_CONVERSION = YES;
				CLANG_WARN_INFINITE_RECURSION = YES;
				CLANG_WARN_INT_CONVERSION = YES;
				CLANG_WARN_NON_LITERAL_NULL_CONVERSION = YES;
				CLANG_WARN_OBJC_IMPLICIT_RETAIN_SELF = YES;
				CLANG_WARN_OBJC_LITERAL_CONVERSION = YES;
				CLANG_WARN_OBJC_ROOT_CLASS = YES_ERROR;
				CLANG_WARN_RANGE_LOOP_ANALYSIS = YES;
				CLANG_WARN_STRICT_PROTOTYPES = YES;
				CLANG_WARN_SUSPICIOUS_MOVE = YES;
				CLANG_WARN_UNGUARDED_AVAILABILITY = YES_AGGRESSIVE;
				CLANG_WARN_UNREACHABLE_CODE = YES;
				CLANG_WARN__DUPLICATE_METHOD_MATCH = YES;
				CODE_SIGN_IDENTITY = "iPhone Developer";
				COPY_PHASE_STRIP = NO;
				DEBUG_INFORMATION_FORMAT = "dwarf-with-dsym";
				ENABLE_NS_ASSERTIONS = NO;
				ENABLE_STRICT_OBJC_MSGSEND = YES;
				GCC_C_LANGUAGE_STANDARD = gnu11;
				GCC_NO_COMMON_BLOCKS = YES;
				GCC_WARN_64_TO_32_BIT_CONVERSION = YES;
				GCC_WARN_ABOUT_RETURN_TYPE = YES_ERROR;
				GCC_WARN_UNDECLARED_SELECTOR = YES;
				GCC_WARN_UNINITIALIZED_AUTOS = YES_AGGRESSIVE;
				GCC_WARN_UNUSED_FUNCTION = YES;
				GCC_WARN_UNUSED_VARIABLE = YES;
				IPHONEOS_DEPLOYMENT_TARGET = 12.2;
				MTL_ENABLE_DEBUG_INFO = NO;
				MTL_FAST_MATH = YES;
				SDKROOT = iphoneos;
				SWIFT_COMPILATION_MODE = wholemodule;
				SWIFT_OPTIMIZATION_LEVEL = "-O";
				VALIDATE_PRODUCT = YES;
			};
			name = Release;
		};
		9C817816239F87130064040A /* Debug */ = {
			isa = XCBuildConfiguration;
			baseConfigurationReference = F41785ADBE77564862F23B3C /* Pods-proof of concept.debug.xcconfig */;
			buildSettings = {
				ASSETCATALOG_COMPILER_APPICON_NAME = AppIcon;
				CODE_SIGN_STYLE = Automatic;
				DEVELOPMENT_TEAM = BTT36DS6LY;
				INFOPLIST_FILE = "proof of concept/Info.plist";
				IPHONEOS_DEPLOYMENT_TARGET = 10.0;
				LD_RUNPATH_SEARCH_PATHS = (
					"$(inherited)",
					"@executable_path/Frameworks",
				);
				PRODUCT_BUNDLE_IDENTIFIER = "idbiintech.proof-of-concept";
				PRODUCT_NAME = "$(TARGET_NAME)";
				SWIFT_VERSION = 5.0;
				TARGETED_DEVICE_FAMILY = 1;
			};
			name = Debug;
		};
		9C817817239F87130064040A /* Release */ = {
			isa = XCBuildConfiguration;
			baseConfigurationReference = 4E93D919A9C227F66353D49B /* Pods-proof of concept.release.xcconfig */;
			buildSettings = {
				ASSETCATALOG_COMPILER_APPICON_NAME = AppIcon;
				CODE_SIGN_STYLE = Automatic;
				DEVELOPMENT_TEAM = BTT36DS6LY;
				INFOPLIST_FILE = "proof of concept/Info.plist";
				IPHONEOS_DEPLOYMENT_TARGET = 10.0;
				LD_RUNPATH_SEARCH_PATHS = (
					"$(inherited)",
					"@executable_path/Frameworks",
				);
				PRODUCT_BUNDLE_IDENTIFIER = "idbiintech.proof-of-concept";
				PRODUCT_NAME = "$(TARGET_NAME)";
				SWIFT_VERSION = 5.0;
				TARGETED_DEVICE_FAMILY = 1;
			};
			name = Release;
		};
		9C817819239F87130064040A /* Debug */ = {
			isa = XCBuildConfiguration;
			baseConfigurationReference = 24B8A277F8E41F5E2965B96A /* Pods-proof of conceptTests.debug.xcconfig */;
			buildSettings = {
				ALWAYS_EMBED_SWIFT_STANDARD_LIBRARIES = YES;
				BUNDLE_LOADER = "$(TEST_HOST)";
				CODE_SIGN_STYLE = Automatic;
				DEVELOPMENT_TEAM = BTT36DS6LY;
				INFOPLIST_FILE = "proof of conceptTests/Info.plist";
				LD_RUNPATH_SEARCH_PATHS = (
					"$(inherited)",
					"@executable_path/Frameworks",
					"@loader_path/Frameworks",
				);
				PRODUCT_BUNDLE_IDENTIFIER = "idbiintech.proof-of-conceptTests";
				PRODUCT_NAME = "$(TARGET_NAME)";
				SWIFT_VERSION = 5.0;
				TARGETED_DEVICE_FAMILY = "1,2";
				TEST_HOST = "$(BUILT_PRODUCTS_DIR)/proof of concept.app/proof of concept";
			};
			name = Debug;
		};
		9C81781A239F87130064040A /* Release */ = {
			isa = XCBuildConfiguration;
			baseConfigurationReference = 89AD8587565F47C315D696F5 /* Pods-proof of conceptTests.release.xcconfig */;
			buildSettings = {
				ALWAYS_EMBED_SWIFT_STANDARD_LIBRARIES = YES;
				BUNDLE_LOADER = "$(TEST_HOST)";
				CODE_SIGN_STYLE = Automatic;
				DEVELOPMENT_TEAM = BTT36DS6LY;
				INFOPLIST_FILE = "proof of conceptTests/Info.plist";
				LD_RUNPATH_SEARCH_PATHS = (
					"$(inherited)",
					"@executable_path/Frameworks",
					"@loader_path/Frameworks",
				);
				PRODUCT_BUNDLE_IDENTIFIER = "idbiintech.proof-of-conceptTests";
				PRODUCT_NAME = "$(TARGET_NAME)";
				SWIFT_VERSION = 5.0;
				TARGETED_DEVICE_FAMILY = "1,2";
				TEST_HOST = "$(BUILT_PRODUCTS_DIR)/proof of concept.app/proof of concept";
			};
			name = Release;
		};
		9C81781C239F87130064040A /* Debug */ = {
			isa = XCBuildConfiguration;
			baseConfigurationReference = D724FFED68281A47E6BAFF73 /* Pods-proof of conceptUITests.debug.xcconfig */;
			buildSettings = {
				ALWAYS_EMBED_SWIFT_STANDARD_LIBRARIES = YES;
				CODE_SIGN_STYLE = Automatic;
				DEVELOPMENT_TEAM = BTT36DS6LY;
				INFOPLIST_FILE = "proof of conceptUITests/Info.plist";
				LD_RUNPATH_SEARCH_PATHS = (
					"$(inherited)",
					"@executable_path/Frameworks",
					"@loader_path/Frameworks",
				);
				PRODUCT_BUNDLE_IDENTIFIER = "idbiintech.proof-of-conceptUITests";
				PRODUCT_NAME = "$(TARGET_NAME)";
				SWIFT_VERSION = 5.0;
				TARGETED_DEVICE_FAMILY = "1,2";
				TEST_TARGET_NAME = "proof of concept";
			};
			name = Debug;
		};
		9C81781D239F87130064040A /* Release */ = {
			isa = XCBuildConfiguration;
			baseConfigurationReference = 39063BD2DA61FD4FAC1ED3F5 /* Pods-proof of conceptUITests.release.xcconfig */;
			buildSettings = {
				ALWAYS_EMBED_SWIFT_STANDARD_LIBRARIES = YES;
				CODE_SIGN_STYLE = Automatic;
				DEVELOPMENT_TEAM = BTT36DS6LY;
				INFOPLIST_FILE = "proof of conceptUITests/Info.plist";
				LD_RUNPATH_SEARCH_PATHS = (
					"$(inherited)",
					"@executable_path/Frameworks",
					"@loader_path/Frameworks",
				);
				PRODUCT_BUNDLE_IDENTIFIER = "idbiintech.proof-of-conceptUITests";
				PRODUCT_NAME = "$(TARGET_NAME)";
				SWIFT_VERSION = 5.0;
				TARGETED_DEVICE_FAMILY = "1,2";
				TEST_TARGET_NAME = "proof of concept";
			};
			name = Release;
		};
/* End XCBuildConfiguration section */

/* Begin XCConfigurationList section */
		9C8177E8239F87110064040A /* Build configuration list for PBXProject "proof of concept" */ = {
			isa = XCConfigurationList;
			buildConfigurations = (
				9C817813239F87130064040A /* Debug */,
				9C817814239F87130064040A /* Release */,
			);
			defaultConfigurationIsVisible = 0;
			defaultConfigurationName = Release;
		};
		9C817815239F87130064040A /* Build configuration list for PBXNativeTarget "proof of concept" */ = {
			isa = XCConfigurationList;
			buildConfigurations = (
				9C817816239F87130064040A /* Debug */,
				9C817817239F87130064040A /* Release */,
			);
			defaultConfigurationIsVisible = 0;
			defaultConfigurationName = Release;
		};
		9C817818239F87130064040A /* Build configuration list for PBXNativeTarget "proof of conceptTests" */ = {
			isa = XCConfigurationList;
			buildConfigurations = (
				9C817819239F87130064040A /* Debug */,
				9C81781A239F87130064040A /* Release */,
			);
			defaultConfigurationIsVisible = 0;
			defaultConfigurationName = Release;
		};
		9C81781B239F87130064040A /* Build configuration list for PBXNativeTarget "proof of conceptUITests" */ = {
			isa = XCConfigurationList;
			buildConfigurations = (
				9C81781C239F87130064040A /* Debug */,
				9C81781D239F87130064040A /* Release */,
			);
			defaultConfigurationIsVisible = 0;
			defaultConfigurationName = Release;
		};
/* End XCConfigurationList section */
	};
	rootObject = 9C8177E5239F87110064040A /* Project object */;
}
